
Microsoft Visual Studio Solution File, Format Version 12.00
# Visual Studio 15
Project("{FAE04EC0-301F-11D3-BF4B-00C04F79EFBC}") = "Unity.Timeline", "Unity.Timeline.csproj", "{664B5BCC-45F5-B868-07F8-18E2D9918EBB}"
EndProject
Project("{FAE04EC0-301F-11D3-BF4B-00C04F79EFBC}") = "Unity.PlasticSCM.Editor", "Unity.PlasticSCM.Editor.csproj", "{1883B568-2D0F-31CA-FB10-5C73A7DCC2BA}"
EndProject
Project("{FAE04EC0-301F-11D3-BF4B-00C04F79EFBC}") = "Unity.ShaderGraph.Editor", "Unity.ShaderGraph.Editor.csproj", "{0449215F-4450-76B7-E635-0780803834A6}"
EndProject
Project("{FAE04EC0-301F-11D3-BF4B-00C04F79EFBC}") = "Unity.RenderPipelines.Core.Runtime", "Unity.RenderPipelines.Core.Runtime.csproj", "{680DF3F6-61C6-4A6F-7A45-78EEA7623E18}"
EndProject
Project("{FAE04EC0-301F-11D3-BF4B-00C04F79EFBC}") = "Unity.Mathematics", "Unity.Mathematics.csproj", "{726A77B4-CBC5-C074-4A65-E24959C376E1}"
EndProject
Project("{FAE04EC0-301F-11D3-BF4B-00C04F79EFBC}") = "Unity.Timeline.Editor", "Unity.Timeline.Editor.csproj", "{74088DE6-70DF-5AE7-DFA2-3297960FB4CD}"
EndProject
Project("{FAE04EC0-301F-11D3-BF4B-00C04F79EFBC}") = "Unity.RenderPipelines.Core.Editor", "Unity.RenderPipelines.Core.Editor.csproj", "{812FFC86-74A6-B620-542F-445DC1089588}"
EndProject
Project("{FAE04EC0-301F-11D3-BF4B-00C04F79EFBC}") = "Unity.RenderPipelines.Universal.2D.Runtime", "Unity.RenderPipelines.Universal.2D.Runtime.csproj", "{D7B82199-5B0D-C9A8-A945-836EB935AA3C}"
EndProject
Project("{FAE04EC0-301F-11D3-BF4B-00C04F79EFBC}") = "Unity.VisualScripting.Core.Editor", "Unity.VisualScripting.Core.Editor.csproj", "{F84C4DCA-912B-880C-4407-E4E84564989D}"
EndProject
Project("{FAE04EC0-301F-11D3-BF4B-00C04F79EFBC}") = "Unity.RenderPipelines.Universal.Editor", "Unity.RenderPipelines.Universal.Editor.csproj", "{1C68CB54-016A-38BB-B9D4-6E3788D652DC}"
EndProject
Project("{FAE04EC0-301F-11D3-BF4B-00C04F79EFBC}") = "Unity.TextMeshPro.Editor", "Unity.TextMeshPro.Editor.csproj", "{EC11F158-9D97-376D-E795-DDE223EAF626}"
EndProject
Project("{FAE04EC0-301F-11D3-BF4B-00C04F79EFBC}") = "UnityEngine.TestRunner", "UnityEngine.TestRunner.csproj", "{7E89D9B5-6E78-1E4A-1E9F-C32261F65490}"
EndProject
Project("{FAE04EC0-301F-11D3-BF4B-00C04F79EFBC}") = "Unity.Burst", "Unity.Burst.csproj", "{EA0F919F-073A-9E4F-B32F-E93984543CEF}"
EndProject
Project("{FAE04EC0-301F-11D3-BF4B-00C04F79EFBC}") = "Unity.VisualScripting.Flow.Editor", "Unity.VisualScripting.Flow.Editor.csproj", "{FD6D5912-6991-0525-4CB4-A39F1B56F963}"
EndProject
Project("{FAE04EC0-301F-11D3-BF4B-00C04F79EFBC}") = "VContainer", "VContainer.csproj", "{7F3D1182-F5F2-F204-520E-897B18D4D19E}"
EndProject
Project("{FAE04EC0-301F-11D3-BF4B-00C04F79EFBC}") = "Unity.VisualStudio.Editor", "Unity.VisualStudio.Editor.csproj", "{B4913F39-E049-2392-06AD-01E732036251}"
EndProject
Project("{FAE04EC0-301F-11D3-BF4B-00C04F79EFBC}") = "PPv2URPConverters", "PPv2URPConverters.csproj", "{C2379F24-910E-CA7B-85B2-073D1F9EB297}"
EndProject
Project("{FAE04EC0-301F-11D3-BF4B-00C04F79EFBC}") = "UniTask", "UniTask.csproj", "{C0CCE524-2E52-A41F-140B-A262C25FAA48}"
EndProject
Project("{FAE04EC0-301F-11D3-BF4B-00C04F79EFBC}") = "Unity.Searcher.Editor", "Unity.Searcher.Editor.csproj", "{7D03CE23-69AC-2E07-EC6A-67928D14ADE5}"
EndProject
Project("{FAE04EC0-301F-11D3-BF4B-00C04F79EFBC}") = "Unity.VisualScripting.Core", "Unity.VisualScripting.Core.csproj", "{661EAA35-FECC-9D3E-F4D1-1D9B198A90DD}"
EndProject
Project("{FAE04EC0-301F-11D3-BF4B-00C04F79EFBC}") = "Unity.RenderPipelines.Universal.Runtime", "Unity.RenderPipelines.Universal.Runtime.csproj", "{82D24ABC-3DD0-391F-B293-C72A747DB49D}"
EndProject
Project("{FAE04EC0-301F-11D3-BF4B-00C04F79EFBC}") = "Assembly-CSharp", "Assembly-CSharp.csproj", "{B42B65F2-B285-0DD7-3928-78C5D5AFD9CC}"
EndProject
Project("{FAE04EC0-301F-11D3-BF4B-00C04F79EFBC}") = "UnityEditor.TestRunner", "UnityEditor.TestRunner.csproj", "{F11D1C5D-D319-5D94-915E-89567B91298B}"
EndProject
Project("{FAE04EC0-301F-11D3-BF4B-00C04F79EFBC}") = "Unity.AI.Navigation.Editor.ConversionSystem", "Unity.AI.Navigation.Editor.ConversionSystem.csproj", "{2B3E19BC-AEB6-FD9A-3B06-2E52B979F2BA}"
EndProject
Project("{FAE04EC0-301F-11D3-BF4B-00C04F79EFBC}") = "Unity.VisualScripting.State.Editor", "Unity.VisualScripting.State.Editor.csproj", "{1B2DF348-0F1D-0A9D-77D4-F2CA885976C5}"
EndProject
Project("{FAE04EC0-301F-11D3-BF4B-00C04F79EFBC}") = "UnityEngine.UI", "UnityEngine.UI.csproj", "{618C4CE7-35A2-5482-6C8A-1E44B8232E74}"
EndProject
Project("{FAE04EC0-301F-11D3-BF4B-00C04F79EFBC}") = "Unity.Burst.CodeGen", "Unity.Burst.CodeGen.csproj", "{7895555C-768D-F527-1F54-0EC86BD3D0FF}"
EndProject
Project("{FAE04EC0-301F-11D3-BF4B-00C04F79EFBC}") = "Unity.VisualScripting.Flow", "Unity.VisualScripting.Flow.csproj", "{BA3ED1E2-49FF-16D9-4A38-AF03B9A6C954}"
EndProject
Project("{FAE04EC0-301F-11D3-BF4B-00C04F79EFBC}") = "Unity.TextMeshPro", "Unity.TextMeshPro.csproj", "{234D8E2C-C58A-66DC-D7EF-5B6723BE42B4}"
EndProject
Project("{FAE04EC0-301F-11D3-BF4B-00C04F79EFBC}") = "UniTask.Linq", "UniTask.Linq.csproj", "{1AED4FF4-A9B5-BC62-7280-B90E1CCC1B23}"
EndProject
Project("{FAE04EC0-301F-11D3-BF4B-00C04F79EFBC}") = "UnityEditor.UI", "UnityEditor.UI.csproj", "{2C6BB9FC-31C5-E95C-78A0-D171FE9E6BB4}"
EndProject
Project("{FAE04EC0-301F-11D3-BF4B-00C04F79EFBC}") = "Unity.Burst.Editor", "Unity.Burst.Editor.csproj", "{1BE0985E-60F7-C419-C51B-60F545CFCE65}"
EndProject
Project("{FAE04EC0-301F-11D3-BF4B-00C04F79EFBC}") = "VContainer.Editor", "VContainer.Editor.csproj", "{54E7D7C2-4EA1-48DB-D2CB-9304C39A1B45}"
EndProject
Project("{FAE04EC0-301F-11D3-BF4B-00C04F79EFBC}") = "Unity.Rider.Editor", "Unity.Rider.Editor.csproj", "{C69BE8C8-4908-1AF6-A635-F30459DDCB41}"
EndProject
Project("{FAE04EC0-301F-11D3-BF4B-00C04F79EFBC}") = "Unity.Cursor.Editor", "Unity.Cursor.Editor.csproj", "{9F1BA712-2FAF-1323-771B-CCA497DF0D75}"
EndProject
Project("{FAE04EC0-301F-11D3-BF4B-00C04F79EFBC}") = "Unity.VisualScripting.State", "Unity.VisualScripting.State.csproj", "{95BC2852-69B2-1459-474C-A78F6D548358}"
EndProject
Project("{FAE04EC0-301F-11D3-BF4B-00C04F79EFBC}") = "Unity.AI.Navigation.Updater", "Unity.AI.Navigation.Updater.csproj", "{F9CDD002-F30C-574A-E85A-96C8153F4BCF}"
EndProject
Project("{FAE04EC0-301F-11D3-BF4B-00C04F79EFBC}") = "Unity.AI.Navigation.Editor", "Unity.AI.Navigation.Editor.csproj", "{E10A3022-C484-B37C-BAAA-8C02E22EA3F5}"
EndProject
Project("{FAE04EC0-301F-11D3-BF4B-00C04F79EFBC}") = "Unity.AI.Navigation", "Unity.AI.Navigation.csproj", "{F5005560-4A71-33EF-FEB2-CA534BFAA456}"
EndProject
Project("{FAE04EC0-301F-11D3-BF4B-00C04F79EFBC}") = "Unity.Mathematics.Editor", "Unity.Mathematics.Editor.csproj", "{DECC5D96-4D79-480B-1686-0E0E126B3112}"
EndProject
Project("{FAE04EC0-301F-11D3-BF4B-00C04F79EFBC}") = "Unity.VisualScripting.SettingsProvider.Editor", "Unity.VisualScripting.SettingsProvider.Editor.csproj", "{48A9DD3A-FF6E-CECE-914B-6E0BEFC6D1A4}"
EndProject
Project("{FAE04EC0-301F-11D3-BF4B-00C04F79EFBC}") = "UniTask.TextMeshPro", "UniTask.TextMeshPro.csproj", "{5D493B02-D9F8-8657-4CD0-8AC0A738DC17}"
EndProject
Project("{FAE04EC0-301F-11D3-BF4B-00C04F79EFBC}") = "Assembly-CSharp-Editor", "Assembly-CSharp-Editor.csproj", "{4402051A-38B6-C8E2-A2E9-C1979AA69AEC}"
EndProject
Project("{FAE04EC0-301F-11D3-BF4B-00C04F79EFBC}") = "Unity.ShaderGraph.Utilities", "Unity.ShaderGraph.Utilities.csproj", "{6019232D-8A1C-086F-500F-6F8376F9633B}"
EndProject
Project("{FAE04EC0-301F-11D3-BF4B-00C04F79EFBC}") = "Unity.VisualScripting.Shared.Editor", "Unity.VisualScripting.Shared.Editor.csproj", "{6ED077CD-C2AC-69EB-ABCA-80BA41106FA3}"
EndProject
Project("{FAE04EC0-301F-11D3-BF4B-00C04F79EFBC}") = "Unity.CollabProxy.Editor", "Unity.CollabProxy.Editor.csproj", "{5391D601-4C65-6B6A-0E8D-73D97F39347E}"
EndProject
Project("{FAE04EC0-301F-11D3-BF4B-00C04F79EFBC}") = "Unity.RenderPipeline.Universal.ShaderLibrary", "Unity.RenderPipeline.Universal.ShaderLibrary.csproj", "{C76CD060-29DF-6B3E-76E5-17BC16EB5B13}"
EndProject
Project("{FAE04EC0-301F-11D3-BF4B-00C04F79EFBC}") = "UniTask.Editor", "UniTask.Editor.csproj", "{97B9B688-810D-8ACD-8BE8-D48717C815AE}"
EndProject
Project("{FAE04EC0-301F-11D3-BF4B-00C04F79EFBC}") = "Unity.RenderPipelines.Universal.Shaders", "Unity.RenderPipelines.Universal.Shaders.csproj", "{5826ADF0-EC8C-FEFE-CB62-FD7077948573}"
EndProject
Project("{FAE04EC0-301F-11D3-BF4B-00C04F79EFBC}") = "Unity.VisualScripting.DocCodeExamples", "Unity.VisualScripting.DocCodeExamples.csproj", "{33D002A6-908B-722D-EE62-20E018001118}"
EndProject
Project("{FAE04EC0-301F-11D3-BF4B-00C04F79EFBC}") = "Unity.PlasticSCM.Editor.Entities", "Unity.PlasticSCM.Editor.Entities.csproj", "{ECEF2D7D-D56B-766E-F4A9-B49BB7AC3143}"
EndProject
Project("{FAE04EC0-301F-11D3-BF4B-00C04F79EFBC}") = "UniTask.Addressables", "UniTask.Addressables.csproj", "{A0340834-B057-C6C4-37A5-32B70D44CC59}"
EndProject
Project("{FAE04EC0-301F-11D3-BF4B-00C04F79EFBC}") = "Sirenix.OdinInspector.Modules.UnityMathematics", "Sirenix.OdinInspector.Modules.UnityMathematics.csproj", "{C8173095-9EF8-04A9-B85D-90CF7DD8A9C2}"
EndProject
Project("{FAE04EC0-301F-11D3-BF4B-00C04F79EFBC}") = "UniTask.DOTween", "UniTask.DOTween.csproj", "{89571623-DDBE-9C0A-07B5-4438E83C9040}"
EndProject
Project("{FAE04EC0-301F-11D3-BF4B-00C04F79EFBC}") = "Unity.RenderPipelines.ShaderGraph.ShaderGraphLibrary", "Unity.RenderPipelines.ShaderGraph.ShaderGraphLibrary.csproj", "{50F81BD5-1EBE-43F3-3280-BC802F2D0128}"
EndProject
Project("{FAE04EC0-301F-11D3-BF4B-00C04F79EFBC}") = "Unity.RenderPipelines.Core.ShaderLibrary", "Unity.RenderPipelines.Core.ShaderLibrary.csproj", "{89E41C3C-9DCC-9D11-ED33-88D18A044525}"
EndProject
Global
	GlobalSection(SolutionConfigurationPlatforms) = preSolution
		Debug|Any CPU = Debug|Any CPU
		Release|Any CPU = Release|Any CPU
	EndGlobalSection
	GlobalSection(ProjectConfigurationPlatforms) = postSolution
		{664B5BCC-45F5-B868-07F8-18E2D9918EBB}.Debug|Any CPU.ActiveCfg = Debug|Any CPU
		{664B5BCC-45F5-B868-07F8-18E2D9918EBB}.Debug|Any CPU.Build.0 = Debug|Any CPU
		{664B5BCC-45F5-B868-07F8-18E2D9918EBB}.Release|Any CPU.ActiveCfg = Release|Any CPU
		{664B5BCC-45F5-B868-07F8-18E2D9918EBB}.Release|Any CPU.Build.0 = Release|Any CPU
		{1883B568-2D0F-31CA-FB10-5C73A7DCC2BA}.Debug|Any CPU.ActiveCfg = Debug|Any CPU
		{1883B568-2D0F-31CA-FB10-5C73A7DCC2BA}.Debug|Any CPU.Build.0 = Debug|Any CPU
		{1883B568-2D0F-31CA-FB10-5C73A7DCC2BA}.Release|Any CPU.ActiveCfg = Release|Any CPU
		{1883B568-2D0F-31CA-FB10-5C73A7DCC2BA}.Release|Any CPU.Build.0 = Release|Any CPU
		{0449215F-4450-76B7-E635-0780803834A6}.Debug|Any CPU.ActiveCfg = Debug|Any CPU
		{0449215F-4450-76B7-E635-0780803834A6}.Debug|Any CPU.Build.0 = Debug|Any CPU
		{0449215F-4450-76B7-E635-0780803834A6}.Release|Any CPU.ActiveCfg = Release|Any CPU
		{0449215F-4450-76B7-E635-0780803834A6}.Release|Any CPU.Build.0 = Release|Any CPU
		{680DF3F6-61C6-4A6F-7A45-78EEA7623E18}.Debug|Any CPU.ActiveCfg = Debug|Any CPU
		{680DF3F6-61C6-4A6F-7A45-78EEA7623E18}.Debug|Any CPU.Build.0 = Debug|Any CPU
		{680DF3F6-61C6-4A6F-7A45-78EEA7623E18}.Release|Any CPU.ActiveCfg = Release|Any CPU
		{680DF3F6-61C6-4A6F-7A45-78EEA7623E18}.Release|Any CPU.Build.0 = Release|Any CPU
		{726A77B4-CBC5-C074-4A65-E24959C376E1}.Debug|Any CPU.ActiveCfg = Debug|Any CPU
		{726A77B4-CBC5-C074-4A65-E24959C376E1}.Debug|Any CPU.Build.0 = Debug|Any CPU
		{726A77B4-CBC5-C074-4A65-E24959C376E1}.Release|Any CPU.ActiveCfg = Release|Any CPU
		{726A77B4-CBC5-C074-4A65-E24959C376E1}.Release|Any CPU.Build.0 = Release|Any CPU
		{74088DE6-70DF-5AE7-DFA2-3297960FB4CD}.Debug|Any CPU.ActiveCfg = Debug|Any CPU
		{74088DE6-70DF-5AE7-DFA2-3297960FB4CD}.Debug|Any CPU.Build.0 = Debug|Any CPU
		{74088DE6-70DF-5AE7-DFA2-3297960FB4CD}.Release|Any CPU.ActiveCfg = Release|Any CPU
		{74088DE6-70DF-5AE7-DFA2-3297960FB4CD}.Release|Any CPU.Build.0 = Release|Any CPU
		{812FFC86-74A6-B620-542F-445DC1089588}.Debug|Any CPU.ActiveCfg = Debug|Any CPU
		{812FFC86-74A6-B620-542F-445DC1089588}.Debug|Any CPU.Build.0 = Debug|Any CPU
		{812FFC86-74A6-B620-542F-445DC1089588}.Release|Any CPU.ActiveCfg = Release|Any CPU
		{812FFC86-74A6-B620-542F-445DC1089588}.Release|Any CPU.Build.0 = Release|Any CPU
		{D7B82199-5B0D-C9A8-A945-836EB935AA3C}.Debug|Any CPU.ActiveCfg = Debug|Any CPU
		{D7B82199-5B0D-C9A8-A945-836EB935AA3C}.Debug|Any CPU.Build.0 = Debug|Any CPU
		{D7B82199-5B0D-C9A8-A945-836EB935AA3C}.Release|Any CPU.ActiveCfg = Release|Any CPU
		{D7B82199-5B0D-C9A8-A945-836EB935AA3C}.Release|Any CPU.Build.0 = Release|Any CPU
		{F84C4DCA-912B-880C-4407-E4E84564989D}.Debug|Any CPU.ActiveCfg = Debug|Any CPU
		{F84C4DCA-912B-880C-4407-E4E84564989D}.Debug|Any CPU.Build.0 = Debug|Any CPU
		{F84C4DCA-912B-880C-4407-E4E84564989D}.Release|Any CPU.ActiveCfg = Release|Any CPU
		{F84C4DCA-912B-880C-4407-E4E84564989D}.Release|Any CPU.Build.0 = Release|Any CPU
		{1C68CB54-016A-38BB-B9D4-6E3788D652DC}.Debug|Any CPU.ActiveCfg = Debug|Any CPU
		{1C68CB54-016A-38BB-B9D4-6E3788D652DC}.Debug|Any CPU.Build.0 = Debug|Any CPU
		{1C68CB54-016A-38BB-B9D4-6E3788D652DC}.Release|Any CPU.ActiveCfg = Release|Any CPU
		{1C68CB54-016A-38BB-B9D4-6E3788D652DC}.Release|Any CPU.Build.0 = Release|Any CPU
		{EC11F158-9D97-376D-E795-DDE223EAF626}.Debug|Any CPU.ActiveCfg = Debug|Any CPU
		{EC11F158-9D97-376D-E795-DDE223EAF626}.Debug|Any CPU.Build.0 = Debug|Any CPU
		{EC11F158-9D97-376D-E795-DDE223EAF626}.Release|Any CPU.ActiveCfg = Release|Any CPU
		{EC11F158-9D97-376D-E795-DDE223EAF626}.Release|Any CPU.Build.0 = Release|Any CPU
		{7E89D9B5-6E78-1E4A-1E9F-C32261F65490}.Debug|Any CPU.ActiveCfg = Debug|Any CPU
		{7E89D9B5-6E78-1E4A-1E9F-C32261F65490}.Debug|Any CPU.Build.0 = Debug|Any CPU
		{7E89D9B5-6E78-1E4A-1E9F-C32261F65490}.Release|Any CPU.ActiveCfg = Release|Any CPU
		{7E89D9B5-6E78-1E4A-1E9F-C32261F65490}.Release|Any CPU.Build.0 = Release|Any CPU
		{EA0F919F-073A-9E4F-B32F-E93984543CEF}.Debug|Any CPU.ActiveCfg = Debug|Any CPU
		{EA0F919F-073A-9E4F-B32F-E93984543CEF}.Debug|Any CPU.Build.0 = Debug|Any CPU
		{EA0F919F-073A-9E4F-B32F-E93984543CEF}.Release|Any CPU.ActiveCfg = Release|Any CPU
		{EA0F919F-073A-9E4F-B32F-E93984543CEF}.Release|Any CPU.Build.0 = Release|Any CPU
		{FD6D5912-6991-0525-4CB4-A39F1B56F963}.Debug|Any CPU.ActiveCfg = Debug|Any CPU
		{FD6D5912-6991-0525-4CB4-A39F1B56F963}.Debug|Any CPU.Build.0 = Debug|Any CPU
		{FD6D5912-6991-0525-4CB4-A39F1B56F963}.Release|Any CPU.ActiveCfg = Release|Any CPU
		{FD6D5912-6991-0525-4CB4-A39F1B56F963}.Release|Any CPU.Build.0 = Release|Any CPU
		{7F3D1182-F5F2-F204-520E-897B18D4D19E}.Debug|Any CPU.ActiveCfg = Debug|Any CPU
		{7F3D1182-F5F2-F204-520E-897B18D4D19E}.Debug|Any CPU.Build.0 = Debug|Any CPU
		{7F3D1182-F5F2-F204-520E-897B18D4D19E}.Release|Any CPU.ActiveCfg = Release|Any CPU
		{7F3D1182-F5F2-F204-520E-897B18D4D19E}.Release|Any CPU.Build.0 = Release|Any CPU
		{B4913F39-E049-2392-06AD-01E732036251}.Debug|Any CPU.ActiveCfg = Debug|Any CPU
		{B4913F39-E049-2392-06AD-01E732036251}.Debug|Any CPU.Build.0 = Debug|Any CPU
		{B4913F39-E049-2392-06AD-01E732036251}.Release|Any CPU.ActiveCfg = Release|Any CPU
		{B4913F39-E049-2392-06AD-01E732036251}.Release|Any CPU.Build.0 = Release|Any CPU
		{C2379F24-910E-CA7B-85B2-073D1F9EB297}.Debug|Any CPU.ActiveCfg = Debug|Any CPU
		{C2379F24-910E-CA7B-85B2-073D1F9EB297}.Debug|Any CPU.Build.0 = Debug|Any CPU
		{C2379F24-910E-CA7B-85B2-073D1F9EB297}.Release|Any CPU.ActiveCfg = Release|Any CPU
		{C2379F24-910E-CA7B-85B2-073D1F9EB297}.Release|Any CPU.Build.0 = Release|Any CPU
		{C0CCE524-2E52-A41F-140B-A262C25FAA48}.Debug|Any CPU.ActiveCfg = Debug|Any CPU
		{C0CCE524-2E52-A41F-140B-A262C25FAA48}.Debug|Any CPU.Build.0 = Debug|Any CPU
		{C0CCE524-2E52-A41F-140B-A262C25FAA48}.Release|Any CPU.ActiveCfg = Release|Any CPU
		{C0CCE524-2E52-A41F-140B-A262C25FAA48}.Release|Any CPU.Build.0 = Release|Any CPU
		{7D03CE23-69AC-2E07-EC6A-67928D14ADE5}.Debug|Any CPU.ActiveCfg = Debug|Any CPU
		{7D03CE23-69AC-2E07-EC6A-67928D14ADE5}.Debug|Any CPU.Build.0 = Debug|Any CPU
		{7D03CE23-69AC-2E07-EC6A-67928D14ADE5}.Release|Any CPU.ActiveCfg = Release|Any CPU
		{7D03CE23-69AC-2E07-EC6A-67928D14ADE5}.Release|Any CPU.Build.0 = Release|Any CPU
		{661EAA35-FECC-9D3E-F4D1-1D9B198A90DD}.Debug|Any CPU.ActiveCfg = Debug|Any CPU
		{661EAA35-FECC-9D3E-F4D1-1D9B198A90DD}.Debug|Any CPU.Build.0 = Debug|Any CPU
		{661EAA35-FECC-9D3E-F4D1-1D9B198A90DD}.Release|Any CPU.ActiveCfg = Release|Any CPU
		{661EAA35-FECC-9D3E-F4D1-1D9B198A90DD}.Release|Any CPU.Build.0 = Release|Any CPU
		{82D24ABC-3DD0-391F-B293-C72A747DB49D}.Debug|Any CPU.ActiveCfg = Debug|Any CPU
		{82D24ABC-3DD0-391F-B293-C72A747DB49D}.Debug|Any CPU.Build.0 = Debug|Any CPU
		{82D24ABC-3DD0-391F-B293-C72A747DB49D}.Release|Any CPU.ActiveCfg = Release|Any CPU
		{82D24ABC-3DD0-391F-B293-C72A747DB49D}.Release|Any CPU.Build.0 = Release|Any CPU
		{B42B65F2-B285-0DD7-3928-78C5D5AFD9CC}.Debug|Any CPU.ActiveCfg = Debug|Any CPU
		{B42B65F2-B285-0DD7-3928-78C5D5AFD9CC}.Debug|Any CPU.Build.0 = Debug|Any CPU
		{B42B65F2-B285-0DD7-3928-78C5D5AFD9CC}.Release|Any CPU.ActiveCfg = Release|Any CPU
		{B42B65F2-B285-0DD7-3928-78C5D5AFD9CC}.Release|Any CPU.Build.0 = Release|Any CPU
		{F11D1C5D-D319-5D94-915E-89567B91298B}.Debug|Any CPU.ActiveCfg = Debug|Any CPU
		{F11D1C5D-D319-5D94-915E-89567B91298B}.Debug|Any CPU.Build.0 = Debug|Any CPU
		{F11D1C5D-D319-5D94-915E-89567B91298B}.Release|Any CPU.ActiveCfg = Release|Any CPU
		{F11D1C5D-D319-5D94-915E-89567B91298B}.Release|Any CPU.Build.0 = Release|Any CPU
		{2B3E19BC-AEB6-FD9A-3B06-2E52B979F2BA}.Debug|Any CPU.ActiveCfg = Debug|Any CPU
		{2B3E19BC-AEB6-FD9A-3B06-2E52B979F2BA}.Debug|Any CPU.Build.0 = Debug|Any CPU
		{2B3E19BC-AEB6-FD9A-3B06-2E52B979F2BA}.Release|Any CPU.ActiveCfg = Release|Any CPU
		{2B3E19BC-AEB6-FD9A-3B06-2E52B979F2BA}.Release|Any CPU.Build.0 = Release|Any CPU
		{1B2DF348-0F1D-0A9D-77D4-F2CA885976C5}.Debug|Any CPU.ActiveCfg = Debug|Any CPU
		{1B2DF348-0F1D-0A9D-77D4-F2CA885976C5}.Debug|Any CPU.Build.0 = Debug|Any CPU
		{1B2DF348-0F1D-0A9D-77D4-F2CA885976C5}.Release|Any CPU.ActiveCfg = Release|Any CPU
		{1B2DF348-0F1D-0A9D-77D4-F2CA885976C5}.Release|Any CPU.Build.0 = Release|Any CPU
		{618C4CE7-35A2-5482-6C8A-1E44B8232E74}.Debug|Any CPU.ActiveCfg = Debug|Any CPU
		{618C4CE7-35A2-5482-6C8A-1E44B8232E74}.Debug|Any CPU.Build.0 = Debug|Any CPU
		{618C4CE7-35A2-5482-6C8A-1E44B8232E74}.Release|Any CPU.ActiveCfg = Release|Any CPU
		{618C4CE7-35A2-5482-6C8A-1E44B8232E74}.Release|Any CPU.Build.0 = Release|Any CPU
		{7895555C-768D-F527-1F54-0EC86BD3D0FF}.Debug|Any CPU.ActiveCfg = Debug|Any CPU
		{7895555C-768D-F527-1F54-0EC86BD3D0FF}.Debug|Any CPU.Build.0 = Debug|Any CPU
		{7895555C-768D-F527-1F54-0EC86BD3D0FF}.Release|Any CPU.ActiveCfg = Release|Any CPU
		{7895555C-768D-F527-1F54-0EC86BD3D0FF}.Release|Any CPU.Build.0 = Release|Any CPU
		{BA3ED1E2-49FF-16D9-4A38-AF03B9A6C954}.Debug|Any CPU.ActiveCfg = Debug|Any CPU
		{BA3ED1E2-49FF-16D9-4A38-AF03B9A6C954}.Debug|Any CPU.Build.0 = Debug|Any CPU
		{BA3ED1E2-49FF-16D9-4A38-AF03B9A6C954}.Release|Any CPU.ActiveCfg = Release|Any CPU
		{BA3ED1E2-49FF-16D9-4A38-AF03B9A6C954}.Release|Any CPU.Build.0 = Release|Any CPU
		{234D8E2C-C58A-66DC-D7EF-5B6723BE42B4}.Debug|Any CPU.ActiveCfg = Debug|Any CPU
		{234D8E2C-C58A-66DC-D7EF-5B6723BE42B4}.Debug|Any CPU.Build.0 = Debug|Any CPU
		{234D8E2C-C58A-66DC-D7EF-5B6723BE42B4}.Release|Any CPU.ActiveCfg = Release|Any CPU
		{234D8E2C-C58A-66DC-D7EF-5B6723BE42B4}.Release|Any CPU.Build.0 = Release|Any CPU
		{1AED4FF4-A9B5-BC62-7280-B90E1CCC1B23}.Debug|Any CPU.ActiveCfg = Debug|Any CPU
		{1AED4FF4-A9B5-BC62-7280-B90E1CCC1B23}.Debug|Any CPU.Build.0 = Debug|Any CPU
		{1AED4FF4-A9B5-BC62-7280-B90E1CCC1B23}.Release|Any CPU.ActiveCfg = Release|Any CPU
		{1AED4FF4-A9B5-BC62-7280-B90E1CCC1B23}.Release|Any CPU.Build.0 = Release|Any CPU
		{2C6BB9FC-31C5-E95C-78A0-D171FE9E6BB4}.Debug|Any CPU.ActiveCfg = Debug|Any CPU
		{2C6BB9FC-31C5-E95C-78A0-D171FE9E6BB4}.Debug|Any CPU.Build.0 = Debug|Any CPU
		{2C6BB9FC-31C5-E95C-78A0-D171FE9E6BB4}.Release|Any CPU.ActiveCfg = Release|Any CPU
		{2C6BB9FC-31C5-E95C-78A0-D171FE9E6BB4}.Release|Any CPU.Build.0 = Release|Any CPU
		{1BE0985E-60F7-C419-C51B-60F545CFCE65}.Debug|Any CPU.ActiveCfg = Debug|Any CPU
		{1BE0985E-60F7-C419-C51B-60F545CFCE65}.Debug|Any CPU.Build.0 = Debug|Any CPU
		{1BE0985E-60F7-C419-C51B-60F545CFCE65}.Release|Any CPU.ActiveCfg = Release|Any CPU
		{1BE0985E-60F7-C419-C51B-60F545CFCE65}.Release|Any CPU.Build.0 = Release|Any CPU
		{54E7D7C2-4EA1-48DB-D2CB-9304C39A1B45}.Debug|Any CPU.ActiveCfg = Debug|Any CPU
		{54E7D7C2-4EA1-48DB-D2CB-9304C39A1B45}.Debug|Any CPU.Build.0 = Debug|Any CPU
		{54E7D7C2-4EA1-48DB-D2CB-9304C39A1B45}.Release|Any CPU.ActiveCfg = Release|Any CPU
		{54E7D7C2-4EA1-48DB-D2CB-9304C39A1B45}.Release|Any CPU.Build.0 = Release|Any CPU
		{C69BE8C8-4908-1AF6-A635-F30459DDCB41}.Debug|Any CPU.ActiveCfg = Debug|Any CPU
		{C69BE8C8-4908-1AF6-A635-F30459DDCB41}.Debug|Any CPU.Build.0 = Debug|Any CPU
		{C69BE8C8-4908-1AF6-A635-F30459DDCB41}.Release|Any CPU.ActiveCfg = Release|Any CPU
		{C69BE8C8-4908-1AF6-A635-F30459DDCB41}.Release|Any CPU.Build.0 = Release|Any CPU
		{9F1BA712-2FAF-1323-771B-CCA497DF0D75}.Debug|Any CPU.ActiveCfg = Debug|Any CPU
		{9F1BA712-2FAF-1323-771B-CCA497DF0D75}.Debug|Any CPU.Build.0 = Debug|Any CPU
		{9F1BA712-2FAF-1323-771B-CCA497DF0D75}.Release|Any CPU.ActiveCfg = Release|Any CPU
		{9F1BA712-2FAF-1323-771B-CCA497DF0D75}.Release|Any CPU.Build.0 = Release|Any CPU
		{95BC2852-69B2-1459-474C-A78F6D548358}.Debug|Any CPU.ActiveCfg = Debug|Any CPU
		{95BC2852-69B2-1459-474C-A78F6D548358}.Debug|Any CPU.Build.0 = Debug|Any CPU
		{95BC2852-69B2-1459-474C-A78F6D548358}.Release|Any CPU.ActiveCfg = Release|Any CPU
		{95BC2852-69B2-1459-474C-A78F6D548358}.Release|Any CPU.Build.0 = Release|Any CPU
		{F9CDD002-F30C-574A-E85A-96C8153F4BCF}.Debug|Any CPU.ActiveCfg = Debug|Any CPU
		{F9CDD002-F30C-574A-E85A-96C8153F4BCF}.Debug|Any CPU.Build.0 = Debug|Any CPU
		{F9CDD002-F30C-574A-E85A-96C8153F4BCF}.Release|Any CPU.ActiveCfg = Release|Any CPU
		{F9CDD002-F30C-574A-E85A-96C8153F4BCF}.Release|Any CPU.Build.0 = Release|Any CPU
		{E10A3022-C484-B37C-BAAA-8C02E22EA3F5}.Debug|Any CPU.ActiveCfg = Debug|Any CPU
		{E10A3022-C484-B37C-BAAA-8C02E22EA3F5}.Debug|Any CPU.Build.0 = Debug|Any CPU
		{E10A3022-C484-B37C-BAAA-8C02E22EA3F5}.Release|Any CPU.ActiveCfg = Release|Any CPU
		{E10A3022-C484-B37C-BAAA-8C02E22EA3F5}.Release|Any CPU.Build.0 = Release|Any CPU
		{F5005560-4A71-33EF-FEB2-CA534BFAA456}.Debug|Any CPU.ActiveCfg = Debug|Any CPU
		{F5005560-4A71-33EF-FEB2-CA534BFAA456}.Debug|Any CPU.Build.0 = Debug|Any CPU
		{F5005560-4A71-33EF-FEB2-CA534BFAA456}.Release|Any CPU.ActiveCfg = Release|Any CPU
		{F5005560-4A71-33EF-FEB2-CA534BFAA456}.Release|Any CPU.Build.0 = Release|Any CPU
		{DECC5D96-4D79-480B-1686-0E0E126B3112}.Debug|Any CPU.ActiveCfg = Debug|Any CPU
		{DECC5D96-4D79-480B-1686-0E0E126B3112}.Debug|Any CPU.Build.0 = Debug|Any CPU
		{DECC5D96-4D79-480B-1686-0E0E126B3112}.Release|Any CPU.ActiveCfg = Release|Any CPU
		{DECC5D96-4D79-480B-1686-0E0E126B3112}.Release|Any CPU.Build.0 = Release|Any CPU
		{48A9DD3A-FF6E-CECE-914B-6E0BEFC6D1A4}.Debug|Any CPU.ActiveCfg = Debug|Any CPU
		{48A9DD3A-FF6E-CECE-914B-6E0BEFC6D1A4}.Debug|Any CPU.Build.0 = Debug|Any CPU
		{48A9DD3A-FF6E-CECE-914B-6E0BEFC6D1A4}.Release|Any CPU.ActiveCfg = Release|Any CPU
		{48A9DD3A-FF6E-CECE-914B-6E0BEFC6D1A4}.Release|Any CPU.Build.0 = Release|Any CPU
		{5D493B02-D9F8-8657-4CD0-8AC0A738DC17}.Debug|Any CPU.ActiveCfg = Debug|Any CPU
		{5D493B02-D9F8-8657-4CD0-8AC0A738DC17}.Debug|Any CPU.Build.0 = Debug|Any CPU
		{5D493B02-D9F8-8657-4CD0-8AC0A738DC17}.Release|Any CPU.ActiveCfg = Release|Any CPU
		{5D493B02-D9F8-8657-4CD0-8AC0A738DC17}.Release|Any CPU.Build.0 = Release|Any CPU
		{4402051A-38B6-C8E2-A2E9-C1979AA69AEC}.Debug|Any CPU.ActiveCfg = Debug|Any CPU
		{4402051A-38B6-C8E2-A2E9-C1979AA69AEC}.Debug|Any CPU.Build.0 = Debug|Any CPU
		{4402051A-38B6-C8E2-A2E9-C1979AA69AEC}.Release|Any CPU.ActiveCfg = Release|Any CPU
		{4402051A-38B6-C8E2-A2E9-C1979AA69AEC}.Release|Any CPU.Build.0 = Release|Any CPU
		{6019232D-8A1C-086F-500F-6F8376F9633B}.Debug|Any CPU.ActiveCfg = Debug|Any CPU
		{6019232D-8A1C-086F-500F-6F8376F9633B}.Debug|Any CPU.Build.0 = Debug|Any CPU
		{6019232D-8A1C-086F-500F-6F8376F9633B}.Release|Any CPU.ActiveCfg = Release|Any CPU
		{6019232D-8A1C-086F-500F-6F8376F9633B}.Release|Any CPU.Build.0 = Release|Any CPU
		{6ED077CD-C2AC-69EB-ABCA-80BA41106FA3}.Debug|Any CPU.ActiveCfg = Debug|Any CPU
		{6ED077CD-C2AC-69EB-ABCA-80BA41106FA3}.Debug|Any CPU.Build.0 = Debug|Any CPU
		{6ED077CD-C2AC-69EB-ABCA-80BA41106FA3}.Release|Any CPU.ActiveCfg = Release|Any CPU
		{6ED077CD-C2AC-69EB-ABCA-80BA41106FA3}.Release|Any CPU.Build.0 = Release|Any CPU
		{5391D601-4C65-6B6A-0E8D-73D97F39347E}.Debug|Any CPU.ActiveCfg = Debug|Any CPU
		{5391D601-4C65-6B6A-0E8D-73D97F39347E}.Debug|Any CPU.Build.0 = Debug|Any CPU
		{5391D601-4C65-6B6A-0E8D-73D97F39347E}.Release|Any CPU.ActiveCfg = Release|Any CPU
		{5391D601-4C65-6B6A-0E8D-73D97F39347E}.Release|Any CPU.Build.0 = Release|Any CPU
		{C76CD060-29DF-6B3E-76E5-17BC16EB5B13}.Debug|Any CPU.ActiveCfg = Debug|Any CPU
		{C76CD060-29DF-6B3E-76E5-17BC16EB5B13}.Debug|Any CPU.Build.0 = Debug|Any CPU
		{C76CD060-29DF-6B3E-76E5-17BC16EB5B13}.Release|Any CPU.ActiveCfg = Release|Any CPU
		{C76CD060-29DF-6B3E-76E5-17BC16EB5B13}.Release|Any CPU.Build.0 = Release|Any CPU
		{97B9B688-810D-8ACD-8BE8-D48717C815AE}.Debug|Any CPU.ActiveCfg = Debug|Any CPU
		{97B9B688-810D-8ACD-8BE8-D48717C815AE}.Debug|Any CPU.Build.0 = Debug|Any CPU
		{97B9B688-810D-8ACD-8BE8-D48717C815AE}.Release|Any CPU.ActiveCfg = Release|Any CPU
		{97B9B688-810D-8ACD-8BE8-D48717C815AE}.Release|Any CPU.Build.0 = Release|Any CPU
		{5826ADF0-EC8C-FEFE-CB62-FD7077948573}.Debug|Any CPU.ActiveCfg = Debug|Any CPU
		{5826ADF0-EC8C-FEFE-CB62-FD7077948573}.Debug|Any CPU.Build.0 = Debug|Any CPU
		{5826ADF0-EC8C-FEFE-CB62-FD7077948573}.Release|Any CPU.ActiveCfg = Release|Any CPU
		{5826ADF0-EC8C-FEFE-CB62-FD7077948573}.Release|Any CPU.Build.0 = Release|Any CPU
		{33D002A6-908B-722D-EE62-20E018001118}.Debug|Any CPU.ActiveCfg = Debug|Any CPU
		{33D002A6-908B-722D-EE62-20E018001118}.Debug|Any CPU.Build.0 = Debug|Any CPU
		{33D002A6-908B-722D-EE62-20E018001118}.Release|Any CPU.ActiveCfg = Release|Any CPU
		{33D002A6-908B-722D-EE62-20E018001118}.Release|Any CPU.Build.0 = Release|Any CPU
		{ECEF2D7D-D56B-766E-F4A9-B49BB7AC3143}.Debug|Any CPU.ActiveCfg = Debug|Any CPU
		{ECEF2D7D-D56B-766E-F4A9-B49BB7AC3143}.Debug|Any CPU.Build.0 = Debug|Any CPU
		{ECEF2D7D-D56B-766E-F4A9-B49BB7AC3143}.Release|Any CPU.ActiveCfg = Release|Any CPU
		{ECEF2D7D-D56B-766E-F4A9-B49BB7AC3143}.Release|Any CPU.Build.0 = Release|Any CPU
		{A0340834-B057-C6C4-37A5-32B70D44CC59}.Debug|Any CPU.ActiveCfg = Debug|Any CPU
		{A0340834-B057-C6C4-37A5-32B70D44CC59}.Debug|Any CPU.Build.0 = Debug|Any CPU
		{A0340834-B057-C6C4-37A5-32B70D44CC59}.Release|Any CPU.ActiveCfg = Release|Any CPU
		{A0340834-B057-C6C4-37A5-32B70D44CC59}.Release|Any CPU.Build.0 = Release|Any CPU
		{C8173095-9EF8-04A9-B85D-90CF7DD8A9C2}.Debug|Any CPU.ActiveCfg = Debug|Any CPU
		{C8173095-9EF8-04A9-B85D-90CF7DD8A9C2}.Debug|Any CPU.Build.0 = Debug|Any CPU
		{C8173095-9EF8-04A9-B85D-90CF7DD8A9C2}.Release|Any CPU.ActiveCfg = Release|Any CPU
		{C8173095-9EF8-04A9-B85D-90CF7DD8A9C2}.Release|Any CPU.Build.0 = Release|Any CPU
		{89571623-DDBE-9C0A-07B5-4438E83C9040}.Debug|Any CPU.ActiveCfg = Debug|Any CPU
		{89571623-DDBE-9C0A-07B5-4438E83C9040}.Debug|Any CPU.Build.0 = Debug|Any CPU
		{89571623-DDBE-9C0A-07B5-4438E83C9040}.Release|Any CPU.ActiveCfg = Release|Any CPU
		{89571623-DDBE-9C0A-07B5-4438E83C9040}.Release|Any CPU.Build.0 = Release|Any CPU
		{50F81BD5-1EBE-43F3-3280-BC802F2D0128}.Debug|Any CPU.ActiveCfg = Debug|Any CPU
		{50F81BD5-1EBE-43F3-3280-BC802F2D0128}.Debug|Any CPU.Build.0 = Debug|Any CPU
		{50F81BD5-1EBE-43F3-3280-BC802F2D0128}.Release|Any CPU.ActiveCfg = Release|Any CPU
		{50F81BD5-1EBE-43F3-3280-BC802F2D0128}.Release|Any CPU.Build.0 = Release|Any CPU
		{89E41C3C-9DCC-9D11-ED33-88D18A044525}.Debug|Any CPU.ActiveCfg = Debug|Any CPU
		{89E41C3C-9DCC-9D11-ED33-88D18A044525}.Debug|Any CPU.Build.0 = Debug|Any CPU
		{89E41C3C-9DCC-9D11-ED33-88D18A044525}.Release|Any CPU.ActiveCfg = Release|Any CPU
		{89E41C3C-9DCC-9D11-ED33-88D18A044525}.Release|Any CPU.Build.0 = Release|Any CPU
	EndGlobalSection
	GlobalSection(SolutionProperties) = preSolution
		HideSolutionNode = FALSE
	EndGlobalSection
EndGlobal
